// !$*UTF8*$!
{
	archiveVersion = 1;
	classes = {
	};
	objectVersion = 50;
	objects = {

/* Begin PBXBuildFile section */
		4ADD048424CBC2C30053702C /* AppDelegate.swift in Sources */ = {isa = PBXBuildFile; fileRef = 4ADD048324CBC2C30053702C /* AppDelegate.swift */; };
		4ADD048624CBC2C30053702C /* SceneDelegate.swift in Sources */ = {isa = PBXBuildFile; fileRef = 4ADD048524CBC2C30053702C /* SceneDelegate.swift */; };
		4ADD048824CBC2C30053702C /* ViewController.swift in Sources */ = {isa = PBXBuildFile; fileRef = 4ADD048724CBC2C30053702C /* ViewController.swift */; };
		4ADD048B24CBC2C30053702C /* Main.storyboard in Resources */ = {isa = PBXBuildFile; fileRef = 4ADD048924CBC2C30053702C /* Main.storyboard */; };
		4ADD048D24CBC2C40053702C /* Assets.xcassets in Resources */ = {isa = PBXBuildFile; fileRef = 4ADD048C24CBC2C40053702C /* Assets.xcassets */; };
		4ADD049024CBC2C40053702C /* LaunchScreen.storyboard in Resources */ = {isa = PBXBuildFile; fileRef = 4ADD048E24CBC2C40053702C /* LaunchScreen.storyboard */; };
/* End PBXBuildFile section */

/* Begin PBXFileReference section */
		4ADD048024CBC2C30053702C /* iOSAppleMapStarterKit.app */ = {isa = PBXFileReference; explicitFileType = wrapper.application; includeInIndex = 0; path = iOSAppleMapStarterKit.app; sourceTree = BUILT_PRODUCTS_DIR; };
		4ADD048324CBC2C30053702C /* AppDelegate.swift */ = {isa = PBXFileReference; lastKnownFileType = sourcecode.swift; path = AppDelegate.swift; sourceTree = "<group>"; };
		4ADD048524CBC2C30053702C /* SceneDelegate.swift */ = {isa = PBXFileReference; lastKnownFileType = sourcecode.swift; path = SceneDelegate.swift; sourceTree = "<group>"; };
		4ADD048724CBC2C30053702C /* ViewController.swift */ = {isa = PBXFileReference; lastKnownFileType = sourcecode.swift; path = ViewController.swift; sourceTree = "<group>"; };
		4ADD048A24CBC2C30053702C /* Base */ = {isa = PBXFileReference; lastKnownFileType = file.storyboard; name = Base; path = Base.lproj/Main.storyboard; sourceTree = "<group>"; };
		4ADD048C24CBC2C40053702C /* Assets.xcassets */ = {isa = PBXFileReference; lastKnownFileType = folder.assetcatalog; path = Assets.xcassets; sourceTree = "<group>"; };
		4ADD048F24CBC2C40053702C /* Base */ = {isa = PBXFileReference; lastKnownFileType = file.storyboard; name = Base; path = Base.lproj/LaunchScreen.storyboard; sourceTree = "<group>"; };
		4ADD049124CBC2C40053702C /* Info.plist */ = {isa = PBXFileReference; lastKnownFileType = text.plist.xml; path = Info.plist; sourceTree = "<group>"; };
/* End PBXFileReference section */

/* Begin PBXFrameworksBuildPhase section */
		4ADD047D24CBC2C30053702C /* Frameworks */ = {
			isa = PBXFrameworksBuildPhase;
			buildActionMask = 2147483647;
			files = (
			);
			runOnlyForDeploymentPostprocessing = 0;
		};
/* End PBXFrameworksBuildPhase section */

/* Begin PBXGroup section */
		4ADD047724CBC2C30053702C = {
			isa = PBXGroup;
			children = (
				4ADD048224CBC2C30053702C /* iOSAppleMapStarterKit */,
				4ADD048124CBC2C30053702C /* Products */,
			);
			sourceTree = "<group>";
		};
		4ADD048124CBC2C30053702C /* Products */ = {
			isa = PBXGroup;
			children = (
				4ADD048024CBC2C30053702C /* iOSAppleMapStarterKit.app */,
			);
			name = Products;
			sourceTree = "<group>";
		};
		4ADD048224CBC2C30053702C /* iOSAppleMapStarterKit */ = {
			isa = PBXGroup;
			children = (
				4ADD048324CBC2C30053702C /* AppDelegate.swift */,
				4ADD048524CBC2C30053702C /* SceneDelegate.swift */,
				4ADD048724CBC2C30053702C /* ViewController.swift */,
				4ADD048924CBC2C30053702C /* Main.storyboard */,
				4ADD048C24CBC2C40053702C /* Assets.xcassets */,
				4ADD048E24CBC2C40053702C /* LaunchScreen.storyboard */,
				4ADD049124CBC2C40053702C /* Info.plist */,
			);
			path = iOSAppleMapStarterKit;
			sourceTree = "<group>";
		};
/* End PBXGroup section */

/* Begin PBXNativeTarget section */
		4ADD047F24CBC2C30053702C /* iOSAppleMapStarterKit */ = {
			isa = PBXNativeTarget;
			buildConfigurationList = 4ADD049424CBC2C40053702C /* Build configuration list for PBXNativeTarget "iOSAppleMapStarterKit" */;
			buildPhases = (
				4ADD047C24CBC2C30053702C /* Sources */,
				4ADD047D24CBC2C30053702C /* Frameworks */,
				4ADD047E24CBC2C30053702C /* Resources */,
			);
			buildRules = (
			);
			dependencies = (
			);
			name = iOSAppleMapStarterKit;
			productName = iOSAppleMapStarterKit;
			productReference = 4ADD048024CBC2C30053702C /* iOSAppleMapStarterKit.app */;
			productType = "com.apple.product-type.application";
		};
/* End PBXNativeTarget section */

/* Begin PBXProject section */
		4ADD047824CBC2C30053702C /* Project object */ = {
			isa = PBXProject;
			attributes = {
				LastSwiftUpdateCheck = 1150;
				LastUpgradeCheck = 1150;
				ORGANIZATIONNAME = "Takamitsu Mizutori";
				TargetAttributes = {
					4ADD047F24CBC2C30053702C = {
						CreatedOnToolsVersion = 11.5;
					};
				};
			};
			buildConfigurationList = 4ADD047B24CBC2C30053702C /* Build configuration list for PBXProject "iOSAppleMapStarterKit" */;
			compatibilityVersion = "Xcode 9.3";
			developmentRegion = en;
			hasScannedForEncodings = 0;
			knownRegions = (
				en,
				Base,
			);
			mainGroup = 4ADD047724CBC2C30053702C;
			productRefGroup = 4ADD048124CBC2C30053702C /* Products */;
			projectDirPath = "";
			projectRoot = "";
			targets = (
				4ADD047F24CBC2C30053702C /* iOSAppleMapStarterKit */,
			);
		};
/* End PBXProject section */

/* Begin PBXResourcesBuildPhase section */
		4ADD047E24CBC2C30053702C /* Resources */ = {
			isa = PBXResourcesBuildPhase;
			buildActionMask = 2147483647;
			files = (
				4ADD049024CBC2C40053702C /* LaunchScreen.storyboard in Resources */,
				4ADD048D24CBC2C40053702C /* Assets.xcassets in Resources */,
				4ADD048B24CBC2C30053702C /* Main.storyboard in Resources */,
			);
			runOnlyForDeploymentPostprocessing = 0;
		};
/* End PBXResourcesBuildPhase section */

/* Begin PBXSourcesBuildPhase section */
		4ADD047C24CBC2C30053702C /* Sources */ = {
			isa = PBXSourcesBuildPhase;
			buildActionMask = 2147483647;
			files = (
				4ADD048824CBC2C30053702C /* ViewController.swift in Sources */,
				4ADD048424CBC2C30053702C /* AppDelegate.swift in Sources */,
				4ADD048624CBC2C30053702C /* SceneDelegate.swift in Sources */,
			);
			runOnlyForDeploymentPostprocessing = 0;
		};
/* End PBXSourcesBuildPhase section */

/* Begin PBXVariantGroup section */
		4ADD048924CBC2C30053702C /* Main.storyboard */ = {
			isa = PBXVariantGroup;
			children = (
				4ADD048A24CBC2C30053702C /* Base */,
			);
			name = Main.storyboard;
			sourceTree = "<group>";
		};
		4ADD048E24CBC2C40053702C /* LaunchScreen.storyboard */ = {
			isa = PBXVariantGroup;
			children = (
				4ADD048F24CBC2C40053702C /* Base */,
			);
			name = LaunchScreen.storyboard;
			sourceTree = "<group>";
		};
/* End PBXVariantGroup section */

/* Begin XCBuildConfiguration section */
		4ADD049224CBC2C40053702C /* Debug */ = {
			isa = XCBuildConfiguration;
			buildSettings = {
				ALWAYS_SEARCH_USER_PATHS = NO;
				CLANG_ANALYZER_NONNULL = YES;
				CLANG_ANALYZER_NUMBER_OBJECT_CONVERSION = YES_AGGRESSIVE;
				CLANG_CXX_LANGUAGE_STANDARD = "gnu++14";
				CLANG_CXX_LIBRARY = "libc++";
				CLANG_ENABLE_MODULES = YES;
				CLANG_ENABLE_OBJC_ARC = YES;
				CLANG_ENABLE_OBJC_WEAK = YES;
				CLANG_WARN_BLOCK_CAPTURE_AUTORELEASING = YES;
				CLANG_WARN_BOOL_CONVERSION = YES;
				CLANG_WARN_COMMA = YES;
				CLANG_WARN_CONSTANT_CONVERSION = YES;
				CLANG_WARN_DEPRECATED_OBJC_IMPLEMENTATIONS = YES;
				CLANG_WARN_DIRECT_OBJC_ISA_USAGE = YES_ERROR;
				CLANG_WARN_DOCUMENTATION_COMMENTS = YES;
				CLANG_WARN_EMPTY_BODY = YES;
				CLANG_WARN_ENUM_CONVERSION = YES;
				CLANG_WARN_INFINITE_RECURSION = YES;
				CLANG_WARN_INT_CONVERSION = YES;
				CLANG_WARN_NON_LITERAL_NULL_CONVERSION = YES;
				CLANG_WARN_OBJC_IMPLICIT_RETAIN_SELF = YES;
				CLANG_WARN_OBJC_LITERAL_CONVERSION = YES;
				CLANG_WARN_OBJC_ROOT_CLASS = YES_ERROR;
				CLANG_WARN_RANGE_LOOP_ANALYSIS = YES;
				CLANG_WARN_STRICT_PROTOTYPES = YES;
				CLANG_WARN_SUSPICIOUS_MOVE = YES;
				CLANG_WARN_UNGUARDED_AVAILABILITY = YES_AGGRESSIVE;
				CLANG_WARN_UNREACHABLE_CODE = YES;
				CLANG_WARN__DUPLICATE_METHOD_MATCH = YES;
				COPY_PHASE_STRIP = NO;
				DEBUG_INFORMATION_FORMAT = dwarf;
				ENABLE_STRICT_OBJC_MSGSEND = YES;
				ENABLE_TESTABILITY = YES;
				GCC_C_LANGUAGE_STANDARD = gnu11;
				GCC_DYNAMIC_NO_PIC = NO;
				GCC_NO_COMMON_BLOCKS = YES;
				GCC_OPTIMIZATION_LEVEL = 0;
				GCC_PREPROCESSOR_DEFINITIONS = (
					"DEBUG=1",
					"$(inherited)",
				);
				GCC_WARN_64_TO_32_BIT_CONVERSION = YES;
				GCC_WARN_ABOUT_RETURN_TYPE = YES_ERROR;
				GCC_WARN_UNDECLARED_SELECTOR = YES;
				GCC_WARN_UNINITIALIZED_AUTOS = YES_AGGRESSIVE;
				GCC_WARN_UNUSED_FUNCTION = YES;
				GCC_WARN_UNUSED_VARIABLE = YES;
				IPHONEOS_DEPLOYMENT_TARGET = 13.5;
				MTL_ENABLE_DEBUG_INFO = INCLUDE_SOURCE;
				MTL_FAST_MATH = YES;
				ONLY_ACTIVE_ARCH = YES;
				SDKROOT = iphoneos;
				SWIFT_ACTIVE_COMPILATION_CONDITIONS = DEBUG;
				SWIFT_OPTIMIZATION_LEVEL = "-Onone";
			};
			name = Debug;
		};
		4ADD049324CBC2C40053702C /* Release */ = {
			isa = XCBuildConfiguration;
			buildSettings = {
				ALWAYS_SEARCH_USER_PATHS = NO;
				CLANG_ANALYZER_NONNULL = YES;
				CLANG_ANALYZER_NUMBER_OBJECT_CONVERSION = YES_AGGRESSIVE;
				CLANG_CXX_LANGUAGE_STANDARD = "gnu++14";
				CLANG_CXX_LIBRARY = "libc++";
				CLANG_ENABLE_MODULES = YES;
				CLANG_ENABLE_OBJC_ARC = YES;
				CLANG_ENABLE_OBJC_WEAK = YES;
				CLANG_WARN_BLOCK_CAPTURE_AUTORELEASING = YES;
				CLANG_WARN_BOOL_CONVERSION = YES;
				CLANG_WARN_COMMA = YES;
				CLANG_WARN_CONSTANT_CONVERSION = YES;
				CLANG_WARN_DEPRECATED_OBJC_IMPLEMENTATIONS = YES;
				CLANG_WARN_DIRECT_OBJC_ISA_USAGE = YES_ERROR;
				CLANG_WARN_DOCUMENTATION_COMMENTS = YES;
				CLANG_WARN_EMPTY_BODY = YES;
				CLANG_WARN_ENUM_CONVERSION = YES;
				CLANG_WARN_INFINITE_RECURSION = YES;
				CLANG_WARN_INT_CONVERSION = YES;
				CLANG_WARN_NON_LITERAL_NULL_CONVERSION = YES;
				CLANG_WARN_OBJC_IMPLICIT_RETAIN_SELF = YES;
				CLANG_WARN_OBJC_LITERAL_CONVERSION = YES;
				CLANG_WARN_OBJC_ROOT_CLASS = YES_ERROR;
				CLANG_WARN_RANGE_LOOP_ANALYSIS = YES;
				CLANG_WARN_STRICT_PROTOTYPES = YES;
				CLANG_WARN_SUSPICIOUS_MOVE = YES;
				CLANG_WARN_UNGUARDED_AVAILABILITY = YES_AGGRESSIVE;
				CLANG_WARN_UNREACHABLE_CODE = YES;
				CLANG_WARN__DUPLICATE_METHOD_MATCH = YES;
				COPY_PHASE_STRIP = NO;
				DEBUG_INFORMATION_FORMAT = "dwarf-with-dsym";
				ENABLE_NS_ASSERTIONS = NO;
				ENABLE_STRICT_OBJC_MSGSEND = YES;
				GCC_C_LANGUAGE_STANDARD = gnu11;
				GCC_NO_COMMON_BLOCKS = YES;
				GCC_WARN_64_TO_32_BIT_CONVERSION = YES;
				GCC_WARN_ABOUT_RETURN_TYPE = YES_ERROR;
				GCC_WARN_UNDECLARED_SELECTOR = YES;
				GCC_WARN_UNINITIALIZED_AUTOS = YES_AGGRESSIVE;
				GCC_WARN_UNUSED_FUNCTION = YES;
				GCC_WARN_UNUSED_VARIABLE = YES;
				IPHONEOS_DEPLOYMENT_TARGET = 13.5;
				MTL_ENABLE_DEBUG_INFO = NO;
				MTL_FAST_MATH = YES;
				SDKROOT = iphoneos;
				SWIFT_COMPILATION_MODE = wholemodule;
				SWIFT_OPTIMIZATION_LEVEL = "-O";
				VALIDATE_PRODUCT = YES;
			};
			name = Release;
		};
		4ADD049524CBC2C40053702C /* Debug */ = {
			isa = XCBuildConfiguration;
			buildSettings = {
				ASSETCATALOG_COMPILER_APPICON_NAME = AppIcon;
				CODE_SIGN_STYLE = Automatic;
				DEVELOPMENT_TEAM = PL9RJ5WX3A;
				INFOPLIST_FILE = iOSAppleMapStarterKit/Info.plist;
				LD_RUNPATH_SEARCH_PATHS = (
					"$(inherited)",
					"@executable_path/Frameworks",
				);
				PRODUCT_BUNDLE_IDENTIFIER = com.goldrushcomputing.iOSAppleMapStarterKit;
				PRODUCT_NAME = "$(TARGET_NAME)";
				SWIFT_VERSION = 5.0;
				TARGETED_DEVICE_FAMILY = "1,2";
			};
			name = Debug;
		};
		4ADD049624CBC2C40053702C /* Release */ = {
			isa = XCBuildConfiguration;
			buildSettings = {
				ASSETCATALOG_COMPILER_APPICON_NAME = AppIcon;
				CODE_SIGN_STYLE = Automatic;
				DEVELOPMENT_TEAM = PL9RJ5WX3A;
				INFOPLIST_FILE = iOSAppleMapStarterKit/Info.plist;
				LD_RUNPATH_SEARCH_PATHS = (
					"$(inherited)",
					"@executable_path/Frameworks",
				);
				PRODUCT_BUNDLE_IDENTIFIER = com.goldrushcomputing.iOSAppleMapStarterKit;
				PRODUCT_NAME = "$(TARGET_NAME)";
				SWIFT_VERSION = 5.0;
				TARGETED_DEVICE_FAMILY = "1,2";
			};
			name = Release;
		};
/* End XCBuildConfiguration section */

/* Begin XCConfigurationList section */
		4ADD047B24CBC2C30053702C /* Build configuration list for PBXProject "iOSAppleMapStarterKit" */ = {
			isa = XCConfigurationList;
			buildConfigurations = (
				4ADD049224CBC2C40053702C /* Debug */,
				4ADD049324CBC2C40053702C /* Release */,
			);
			defaultConfigurationIsVisible = 0;
			defaultConfigurationName = Release;
		};
		4ADD049424CBC2C40053702C /* Build configuration list for PBXNativeTarget "iOSAppleMapStarterKit" */ = {
			isa = XCConfigurationList;
			buildConfigurations = (
				4ADD049524CBC2C40053702C /* Debug */,
				4ADD049624CBC2C40053702C /* Release */,
			);
			defaultConfigurationIsVisible = 0;
			defaultConfigurationName = Release;
		};
/* End XCConfigurationList section */
	};
	rootObject = 4ADD047824CBC2C30053702C /* Project object */;
}
